
Microsoft Visual Studio Solution File, Format Version 12.00
# Visual Studio 15
VisualStudioVersion = 15.0.27004.2008
MinimumVisualStudioVersion = 10.0.40219.1
Project("{2150E333-8FDC-42A3-9474-1A3956D46DE8}") = "src", "src", "{DAC2F3BE-B7A9-4F07-9384-0E79F5809AF1}"
EndProject
Project("{2150E333-8FDC-42A3-9474-1A3956D46DE8}") = "tests", "tests", "{FF78B1EE-0EFF-4BD9-A9B0-320FD5AAD886}"
EndProject
Project("{9A19103F-16F7-4668-BE54-9A1E7A4F7556}") = "SetupMeetings.WebApi.Tests", "tests\SetupMeetings.WebApi.Tests\SetupMeetings.WebApi.Tests.csproj", "{D0A7048F-41C8-4230-A56E-5AD8592AF104}"
EndProject
Project("{9A19103F-16F7-4668-BE54-9A1E7A4F7556}") = "SetupMeetings.FunctionalTests", "tests\SetupMeetings.FunctionalTests\SetupMeetings.FunctionalTests.csproj", "{77716CFE-E782-482A-A66F-662913AB7D2C}"
EndProject
Project("{FAE04EC0-301F-11D3-BF4B-00C04F79EFBC}") = "SetupMeetings.WebApi", "src\SetupMeetings.WebApi\SetupMeetings.WebApi.csproj", "{220DCD97-9E37-499F-86AD-A9AF00226D0C}"
EndProject
Global
	GlobalSection(SolutionConfigurationPlatforms) = preSolution
		Debug|Any CPU = Debug|Any CPU
		Release|Any CPU = Release|Any CPU
	EndGlobalSection
	GlobalSection(ProjectConfigurationPlatforms) = postSolution
		{D0A7048F-41C8-4230-A56E-5AD8592AF104}.Debug|Any CPU.ActiveCfg = Debug|Any CPU
		{D0A7048F-41C8-4230-A56E-5AD8592AF104}.Debug|Any CPU.Build.0 = Debug|Any CPU
		{D0A7048F-41C8-4230-A56E-5AD8592AF104}.Release|Any CPU.ActiveCfg = Release|Any CPU
		{D0A7048F-41C8-4230-A56E-5AD8592AF104}.Release|Any CPU.Build.0 = Release|Any CPU
		{77716CFE-E782-482A-A66F-662913AB7D2C}.Debug|Any CPU.ActiveCfg = Debug|Any CPU
		{77716CFE-E782-482A-A66F-662913AB7D2C}.Debug|Any CPU.Build.0 = Debug|Any CPU
		{77716CFE-E782-482A-A66F-662913AB7D2C}.Release|Any CPU.ActiveCfg = Release|Any CPU
		{77716CFE-E782-482A-A66F-662913AB7D2C}.Release|Any CPU.Build.0 = Release|Any CPU
		{220DCD97-9E37-499F-86AD-A9AF00226D0C}.Debug|Any CPU.ActiveCfg = Debug|Any CPU
		{220DCD97-9E37-499F-86AD-A9AF00226D0C}.Debug|Any CPU.Build.0 = Debug|Any CPU
		{220DCD97-9E37-499F-86AD-A9AF00226D0C}.Release|Any CPU.ActiveCfg = Release|Any CPU
		{220DCD97-9E37-499F-86AD-A9AF00226D0C}.Release|Any CPU.Build.0 = Release|Any CPU
	EndGlobalSection
	GlobalSection(SolutionProperties) = preSolution
		HideSolutionNode = FALSE
	EndGlobalSection
	GlobalSection(NestedProjects) = preSolution
		{D0A7048F-41C8-4230-A56E-5AD8592AF104} = {FF78B1EE-0EFF-4BD9-A9B0-320FD5AAD886}
		{77716CFE-E782-482A-A66F-662913AB7D2C} = {FF78B1EE-0EFF-4BD9-A9B0-320FD5AAD886}
		{220DCD97-9E37-499F-86AD-A9AF00226D0C} = {DAC2F3BE-B7A9-4F07-9384-0E79F5809AF1}
	EndGlobalSection
	GlobalSection(ExtensibilityGlobals) = postSolution
		SolutionGuid = {872BE190-3283-4620-A780-99F0C3D2535F}
	EndGlobalSection
EndGlobal
